Microsoft Visual Studio Solution File, Format Version 12.00
# Visual Studio Version 17
VisualStudioVersion = 17.5.2.0
MinimumVisualStudioVersion = 10.0.40219.1
Project("{FAE04EC0-301F-11D3-BF4B-00C04F79EFBC}") = "JwtCookieAuthApi", "JwtCookieAuthApi.csproj", "{49443645-3435-FBC5-C2E8-E9229BA0CBBF}"
EndProject
Global
	GlobalSection(SolutionConfigurationPlatforms) = preSolution
		Debug|Any CPU = Debug|Any CPU
		Release|Any CPU = Release|Any CPU
	EndGlobalSection
	GlobalSection(ProjectConfigurationPlatforms) = postSolution
		{49443645-3435-FBC5-C2E8-E9229BA0CBBF}.Debug|Any CPU.ActiveCfg = Debug|Any CPU
		{49443645-3435-FBC5-C2E8-E9229BA0CBBF}.Debug|Any CPU.Build.0 = Debug|Any CPU
		{49443645-3435-FBC5-C2E8-E9229BA0CBBF}.Release|Any CPU.ActiveCfg = Release|Any CPU
		{49443645-3435-FBC5-C2E8-E9229BA0CBBF}.Release|Any CPU.Build.0 = Release|Any CPU
	EndGlobalSection
	GlobalSection(SolutionProperties) = preSolution
		HideSolutionNode = FALSE
	EndGlobalSection
	GlobalSection(ExtensibilityGlobals) = postSolution
		SolutionGuid = {0280C01F-E62C-4CC4-AFE9-12231AE25AD5}
	EndGlobalSection
EndGlobal
